
Microsoft Visual Studio Solution File, Format Version 12.00
# Visual Studio Version 17
VisualStudioVersion = 17.2.32616.157
MinimumVisualStudioVersion = 10.0.40219.1
Project("{FAE04EC0-301F-11D3-BF4B-00C04F79EFBC}") = "StringOver", "StringOver\StringOver.csproj", "{F4F947D4-2807-4C48-A150-C173C03BAF04}"
EndProject
Global
	GlobalSection(SolutionConfigurationPlatforms) = preSolution
		Debug|Any CPU = Debug|Any CPU
		Release|Any CPU = Release|Any CPU
	EndGlobalSection
	GlobalSection(ProjectConfigurationPlatforms) = postSolution
		{F4F947D4-2807-4C48-A150-C173C03BAF04}.Debug|Any CPU.ActiveCfg = Debug|Any CPU
		{F4F947D4-2807-4C48-A150-C173C03BAF04}.Debug|Any CPU.Build.0 = Debug|Any CPU
		{F4F947D4-2807-4C48-A150-C173C03BAF04}.Release|Any CPU.ActiveCfg = Release|Any CPU
		{F4F947D4-2807-4C48-A150-C173C03BAF04}.Release|Any CPU.Build.0 = Release|Any CPU
	EndGlobalSection
	GlobalSection(SolutionProperties) = preSolution
		HideSolutionNode = FALSE
	EndGlobalSection
	GlobalSection(ExtensibilityGlobals) = postSolution
		SolutionGuid = {CF1364F5-D03B-4D98-916D-8C56B50A0422}
	EndGlobalSection
EndGlobal
