
Microsoft Visual Studio Solution File, Format Version 12.00
# Visual Studio Version 17
VisualStudioVersion = 17.2.32616.157
MinimumVisualStudioVersion = 10.0.40219.1
Project("{FAE04EC0-301F-11D3-BF4B-00C04F79EFBC}") = "Calculate", "Calculate\Calculate.csproj", "{0AFB1D49-9A41-45D6-B2E4-D640ABC46BF3}"
EndProject
Project("{FAE04EC0-301F-11D3-BF4B-00C04F79EFBC}") = "ServiceLayer", "ServiceLayer\ServiceLayer.csproj", "{2AD51690-67DB-4D32-8D39-2BFBF83B01F3}"
EndProject
Global
	GlobalSection(SolutionConfigurationPlatforms) = preSolution
		Debug|Any CPU = Debug|Any CPU
		Release|Any CPU = Release|Any CPU
	EndGlobalSection
	GlobalSection(ProjectConfigurationPlatforms) = postSolution
		{0AFB1D49-9A41-45D6-B2E4-D640ABC46BF3}.Debug|Any CPU.ActiveCfg = Debug|Any CPU
		{0AFB1D49-9A41-45D6-B2E4-D640ABC46BF3}.Debug|Any CPU.Build.0 = Debug|Any CPU
		{0AFB1D49-9A41-45D6-B2E4-D640ABC46BF3}.Release|Any CPU.ActiveCfg = Release|Any CPU
		{0AFB1D49-9A41-45D6-B2E4-D640ABC46BF3}.Release|Any CPU.Build.0 = Release|Any CPU
		{2AD51690-67DB-4D32-8D39-2BFBF83B01F3}.Debug|Any CPU.ActiveCfg = Debug|Any CPU
		{2AD51690-67DB-4D32-8D39-2BFBF83B01F3}.Debug|Any CPU.Build.0 = Debug|Any CPU
		{2AD51690-67DB-4D32-8D39-2BFBF83B01F3}.Release|Any CPU.ActiveCfg = Release|Any CPU
		{2AD51690-67DB-4D32-8D39-2BFBF83B01F3}.Release|Any CPU.Build.0 = Release|Any CPU
	EndGlobalSection
	GlobalSection(SolutionProperties) = preSolution
		HideSolutionNode = FALSE
	EndGlobalSection
	GlobalSection(ExtensibilityGlobals) = postSolution
		SolutionGuid = {241B5FE9-3E76-4A4C-91AE-9B6D2B1AD116}
	EndGlobalSection
EndGlobal
